
Microsoft Visual Studio Solution File, Format Version 12.00
# Visual Studio Version 16
VisualStudioVersion = 16.0.29911.84
MinimumVisualStudioVersion = 10.0.40219.1
Project("{FAE04EC0-301F-11D3-BF4B-00C04F79EFBC}") = "DemoTopshelfWithGenericHost", "DemoTopshelfWithGenericHost\DemoTopshelfWithGenericHost.csproj", "{B8ACC63D-5FFA-46F9-9736-741CF57014CD}"
EndProject
Global
	GlobalSection(SolutionConfigurationPlatforms) = preSolution
		Debug|Any CPU = Debug|Any CPU
		Release|Any CPU = Release|Any CPU
	EndGlobalSection
	GlobalSection(ProjectConfigurationPlatforms) = postSolution
		{B8ACC63D-5FFA-46F9-9736-741CF57014CD}.Debug|Any CPU.ActiveCfg = Debug|Any CPU
		{B8ACC63D-5FFA-46F9-9736-741CF57014CD}.Debug|Any CPU.Build.0 = Debug|Any CPU
		{B8ACC63D-5FFA-46F9-9736-741CF57014CD}.Release|Any CPU.ActiveCfg = Release|Any CPU
		{B8ACC63D-5FFA-46F9-9736-741CF57014CD}.Release|Any CPU.Build.0 = Release|Any CPU
	EndGlobalSection
	GlobalSection(SolutionProperties) = preSolution
		HideSolutionNode = FALSE
	EndGlobalSection
	GlobalSection(ExtensibilityGlobals) = postSolution
		SolutionGuid = {4C8E5CAC-CE4C-4AD3-8D8C-77C9AABDACF1}
	EndGlobalSection
EndGlobal
